Microsoft Visual Studio Solution File, Format Version 12.00
# Visual Studio Version 17
VisualStudioVersion = 17.5.2.0
MinimumVisualStudioVersion = 10.0.40219.1
Project("{FAE04EC0-301F-11D3-BF4B-00C04F79EFBC}") = "CNC.NCO.Launcher", "CNC.NCO.Launcher.csproj", "{A7F7C63E-3EE2-DF99-03FA-E3DEBE795BBE}"
EndProject
Global
	GlobalSection(SolutionConfigurationPlatforms) = preSolution
		Debug|Any CPU = Debug|Any CPU
		Release|Any CPU = Release|Any CPU
	EndGlobalSection
	GlobalSection(ProjectConfigurationPlatforms) = postSolution
		{A7F7C63E-3EE2-DF99-03FA-E3DEBE795BBE}.Debug|Any CPU.ActiveCfg = Debug|Any CPU
		{A7F7C63E-3EE2-DF99-03FA-E3DEBE795BBE}.Debug|Any CPU.Build.0 = Debug|Any CPU
		{A7F7C63E-3EE2-DF99-03FA-E3DEBE795BBE}.Release|Any CPU.ActiveCfg = Release|Any CPU
		{A7F7C63E-3EE2-DF99-03FA-E3DEBE795BBE}.Release|Any CPU.Build.0 = Release|Any CPU
	EndGlobalSection
	GlobalSection(SolutionProperties) = preSolution
		HideSolutionNode = FALSE
	EndGlobalSection
	GlobalSection(ExtensibilityGlobals) = postSolution
		SolutionGuid = {743C242E-6EC5-47D4-8B1A-6B0FA1449E49}
	EndGlobalSection
EndGlobal
